
Microsoft Visual Studio Solution File, Format Version 12.00
# Visual Studio Version 16
VisualStudioVersion = 16.0.30114.105
MinimumVisualStudioVersion = 15.0.26124.0
Project("{FAE04EC0-301F-11D3-BF4B-00C04F79EFBC}") = "Infrastructure", "Infrastructure\Infrastructure.csproj", "{23B810E0-A30C-463F-8AFE-07C0F16C304F}"
EndProject
Global
	GlobalSection(SolutionConfigurationPlatforms) = preSolution
		Debug|Any CPU = Debug|Any CPU
		Debug|x64 = Debug|x64
		Debug|x86 = Debug|x86
		Release|Any CPU = Release|Any CPU
		Release|x64 = Release|x64
		Release|x86 = Release|x86
	EndGlobalSection
	GlobalSection(ProjectConfigurationPlatforms) = postSolution
		{23B810E0-A30C-463F-8AFE-07C0F16C304F}.Debug|Any CPU.ActiveCfg = Debug|Any CPU
		{23B810E0-A30C-463F-8AFE-07C0F16C304F}.Debug|Any CPU.Build.0 = Debug|Any CPU
		{23B810E0-A30C-463F-8AFE-07C0F16C304F}.Debug|x64.ActiveCfg = Debug|Any CPU
		{23B810E0-A30C-463F-8AFE-07C0F16C304F}.Debug|x64.Build.0 = Debug|Any CPU
		{23B810E0-A30C-463F-8AFE-07C0F16C304F}.Debug|x86.ActiveCfg = Debug|Any CPU
		{23B810E0-A30C-463F-8AFE-07C0F16C304F}.Debug|x86.Build.0 = Debug|Any CPU
		{23B810E0-A30C-463F-8AFE-07C0F16C304F}.Release|Any CPU.ActiveCfg = Release|Any CPU
		{23B810E0-A30C-463F-8AFE-07C0F16C304F}.Release|Any CPU.Build.0 = Release|Any CPU
		{23B810E0-A30C-463F-8AFE-07C0F16C304F}.Release|x64.ActiveCfg = Release|Any CPU
		{23B810E0-A30C-463F-8AFE-07C0F16C304F}.Release|x64.Build.0 = Release|Any CPU
		{23B810E0-A30C-463F-8AFE-07C0F16C304F}.Release|x86.ActiveCfg = Release|Any CPU
		{23B810E0-A30C-463F-8AFE-07C0F16C304F}.Release|x86.Build.0 = Release|Any CPU
	EndGlobalSection
	GlobalSection(SolutionProperties) = preSolution
		HideSolutionNode = FALSE
	EndGlobalSection
	GlobalSection(ExtensibilityGlobals) = postSolution
		SolutionGuid = {C715FDC1-C01E-45F3-8884-7AEB62B5D79B}
	EndGlobalSection
EndGlobal
